// !$*UTF8*$!
{
	archiveVersion = 1;
	classes = {
	};
	objectVersion = 46;
	objects = {

/* Begin PBXBuildFile section */
		7ACD3CD01AA3C15F0090FD5A /* main.m in Sources */ = {isa = PBXBuildFile; fileRef = 7ACD3CCF1AA3C15F0090FD5A /* main.m */; };
		7ACD3CD31AA3C15F0090FD5A /* AppDelegate.m in Sources */ = {isa = PBXBuildFile; fileRef = 7ACD3CD21AA3C15F0090FD5A /* AppDelegate.m */; };
		7ACD3CD61AA3C15F0090FD5A /* ViewController.m in Sources */ = {isa = PBXBuildFile; fileRef = 7ACD3CD51AA3C15F0090FD5A /* ViewController.m */; };
		7ACD3CD91AA3C15F0090FD5A /* Main.storyboard in Resources */ = {isa = PBXBuildFile; fileRef = 7ACD3CD71AA3C15F0090FD5A /* Main.storyboard */; };
		7ACD3CDB1AA3C15F0090FD5A /* Images.xcassets in Resources */ = {isa = PBXBuildFile; fileRef = 7ACD3CDA1AA3C15F0090FD5A /* Images.xcassets */; };
		7ACD3CDE1AA3C15F0090FD5A /* LaunchScreen.xib in Resources */ = {isa = PBXBuildFile; fileRef = 7ACD3CDC1AA3C15F0090FD5A /* LaunchScreen.xib */; };
		7ACD3CEA1AA3C15F0090FD5A /* DTFormMenuControllerExampleAppTests.m in Sources */ = {isa = PBXBuildFile; fileRef = 7ACD3CE91AA3C15F0090FD5A /* DTFormMenuControllerExampleAppTests.m */; };
		7ACD3CF51AA3C4340090FD5A /* ExampleTextInputFormObject.m in Sources */ = {isa = PBXBuildFile; fileRef = 7ACD3CF41AA3C4340090FD5A /* ExampleTextInputFormObject.m */; };
		7ACD3CF81AA3C8A60090FD5A /* SpacerFormObject.m in Sources */ = {isa = PBXBuildFile; fileRef = 7ACD3CF71AA3C8A60090FD5A /* SpacerFormObject.m */; };
		9F490A468A67F5E27F9713CE /* libPods.a in Frameworks */ = {isa = PBXBuildFile; fileRef = 170A2878002268A79CAECF62 /* libPods.a */; };
/* End PBXBuildFile section */

/* Begin PBXContainerItemProxy section */
		7ACD3CE41AA3C15F0090FD5A /* PBXContainerItemProxy */ = {
			isa = PBXContainerItemProxy;
			containerPortal = 7ACD3CC21AA3C15F0090FD5A /* Project object */;
			proxyType = 1;
			remoteGlobalIDString = 7ACD3CC91AA3C15F0090FD5A;
			remoteInfo = DTFormMenuControllerExampleApp;
		};
/* End PBXContainerItemProxy section */

/* Begin PBXFileReference section */
		1294F2BDE31BC7FCFFC880B6 /* Pods.release.xcconfig */ = {isa = PBXFileReference; includeInIndex = 1; lastKnownFileType = text.xcconfig; name = Pods.release.xcconfig; path = "Pods/Target Support Files/Pods/Pods.release.xcconfig"; sourceTree = "<group>"; };
		170A2878002268A79CAECF62 /* libPods.a */ = {isa = PBXFileReference; explicitFileType = archive.ar; includeInIndex = 0; path = libPods.a; sourceTree = BUILT_PRODUCTS_DIR; };
		7ACD3CCA1AA3C15F0090FD5A /* DTFormMenuControllerExampleApp.app */ = {isa = PBXFileReference; explicitFileType = wrapper.application; includeInIndex = 0; path = DTFormMenuControllerExampleApp.app; sourceTree = BUILT_PRODUCTS_DIR; };
		7ACD3CCE1AA3C15F0090FD5A /* Info.plist */ = {isa = PBXFileReference; lastKnownFileType = text.plist.xml; path = Info.plist; sourceTree = "<group>"; };
		7ACD3CCF1AA3C15F0090FD5A /* main.m */ = {isa = PBXFileReference; lastKnownFileType = sourcecode.c.objc; path = main.m; sourceTree = "<group>"; };
		7ACD3CD11AA3C15F0090FD5A /* AppDelegate.h */ = {isa = PBXFileReference; lastKnownFileType = sourcecode.c.h; path = AppDelegate.h; sourceTree = "<group>"; };
		7ACD3CD21AA3C15F0090FD5A /* AppDelegate.m */ = {isa = PBXFileReference; lastKnownFileType = sourcecode.c.objc; path = AppDelegate.m; sourceTree = "<group>"; };
		7ACD3CD41AA3C15F0090FD5A /* ViewController.h */ = {isa = PBXFileReference; lastKnownFileType = sourcecode.c.h; path = ViewController.h; sourceTree = "<group>"; };
		7ACD3CD51AA3C15F0090FD5A /* ViewController.m */ = {isa = PBXFileReference; lastKnownFileType = sourcecode.c.objc; path = ViewController.m; sourceTree = "<group>"; };
		7ACD3CD81AA3C15F0090FD5A /* Base */ = {isa = PBXFileReference; lastKnownFileType = file.storyboard; name = Base; path = Base.lproj/Main.storyboard; sourceTree = "<group>"; };
		7ACD3CDA1AA3C15F0090FD5A /* Images.xcassets */ = {isa = PBXFileReference; lastKnownFileType = folder.assetcatalog; path = Images.xcassets; sourceTree = "<group>"; };
		7ACD3CDD1AA3C15F0090FD5A /* Base */ = {isa = PBXFileReference; lastKnownFileType = file.xib; name = Base; path = Base.lproj/LaunchScreen.xib; sourceTree = "<group>"; };
		7ACD3CE31AA3C15F0090FD5A /* DTFormMenuControllerExampleAppTests.xctest */ = {isa = PBXFileReference; explicitFileType = wrapper.cfbundle; includeInIndex = 0; path = DTFormMenuControllerExampleAppTests.xctest; sourceTree = BUILT_PRODUCTS_DIR; };
		7ACD3CE81AA3C15F0090FD5A /* Info.plist */ = {isa = PBXFileReference; lastKnownFileType = text.plist.xml; path = Info.plist; sourceTree = "<group>"; };
		7ACD3CE91AA3C15F0090FD5A /* DTFormMenuControllerExampleAppTests.m */ = {isa = PBXFileReference; lastKnownFileType = sourcecode.c.objc; path = DTFormMenuControllerExampleAppTests.m; sourceTree = "<group>"; };
		7ACD3CF31AA3C4340090FD5A /* ExampleTextInputFormObject.h */ = {isa = PBXFileReference; fileEncoding = 4; lastKnownFileType = sourcecode.c.h; path = ExampleTextInputFormObject.h; sourceTree = "<group>"; };
		7ACD3CF41AA3C4340090FD5A /* ExampleTextInputFormObject.m */ = {isa = PBXFileReference; fileEncoding = 4; lastKnownFileType = sourcecode.c.objc; path = ExampleTextInputFormObject.m; sourceTree = "<group>"; };
		7ACD3CF61AA3C8A60090FD5A /* SpacerFormObject.h */ = {isa = PBXFileReference; fileEncoding = 4; lastKnownFileType = sourcecode.c.h; path = SpacerFormObject.h; sourceTree = "<group>"; };
		7ACD3CF71AA3C8A60090FD5A /* SpacerFormObject.m */ = {isa = PBXFileReference; fileEncoding = 4; lastKnownFileType = sourcecode.c.objc; path = SpacerFormObject.m; sourceTree = "<group>"; };
		EB371D531955343B4A833B5C /* Pods.debug.xcconfig */ = {isa = PBXFileReference; includeInIndex = 1; lastKnownFileType = text.xcconfig; name = Pods.debug.xcconfig; path = "Pods/Target Support Files/Pods/Pods.debug.xcconfig"; sourceTree = "<group>"; };
/* End PBXFileReference section */

/* Begin PBXFrameworksBuildPhase section */
		7ACD3CC71AA3C15F0090FD5A /* Frameworks */ = {
			isa = PBXFrameworksBuildPhase;
			buildActionMask = 2147483647;
			files = (
				9F490A468A67F5E27F9713CE /* libPods.a in Frameworks */,
			);
			runOnlyForDeploymentPostprocessing = 0;
		};
		7ACD3CE01AA3C15F0090FD5A /* Frameworks */ = {
			isa = PBXFrameworksBuildPhase;
			buildActionMask = 2147483647;
			files = (
			);
			runOnlyForDeploymentPostprocessing = 0;
		};
/* End PBXFrameworksBuildPhase section */

/* Begin PBXGroup section */
		5319107D7B5D923D3E6C5584 /* Frameworks */ = {
			isa = PBXGroup;
			children = (
				170A2878002268A79CAECF62 /* libPods.a */,
			);
			name = Frameworks;
			sourceTree = "<group>";
		};
		7ACD3CC11AA3C15F0090FD5A = {
			isa = PBXGroup;
			children = (
				7ACD3CCC1AA3C15F0090FD5A /* DTFormMenuControllerExampleApp */,
				7ACD3CE61AA3C15F0090FD5A /* DTFormMenuControllerExampleAppTests */,
				7ACD3CCB1AA3C15F0090FD5A /* Products */,
				B96DFCBBE587456B2E18DFAD /* Pods */,
				5319107D7B5D923D3E6C5584 /* Frameworks */,
			);
			sourceTree = "<group>";
		};
		7ACD3CCB1AA3C15F0090FD5A /* Products */ = {
			isa = PBXGroup;
			children = (
				7ACD3CCA1AA3C15F0090FD5A /* DTFormMenuControllerExampleApp.app */,
				7ACD3CE31AA3C15F0090FD5A /* DTFormMenuControllerExampleAppTests.xctest */,
			);
			name = Products;
			sourceTree = "<group>";
		};
		7ACD3CCC1AA3C15F0090FD5A /* DTFormMenuControllerExampleApp */ = {
			isa = PBXGroup;
			children = (
				7ACD3CD11AA3C15F0090FD5A /* AppDelegate.h */,
				7ACD3CD21AA3C15F0090FD5A /* AppDelegate.m */,
				7ACD3CD41AA3C15F0090FD5A /* ViewController.h */,
				7ACD3CD51AA3C15F0090FD5A /* ViewController.m */,
				7ACD3CD71AA3C15F0090FD5A /* Main.storyboard */,
				7ACD3CDA1AA3C15F0090FD5A /* Images.xcassets */,
				7ACD3CDC1AA3C15F0090FD5A /* LaunchScreen.xib */,
				7ACD3CCD1AA3C15F0090FD5A /* Supporting Files */,
				7ACD3CF31AA3C4340090FD5A /* ExampleTextInputFormObject.h */,
				7ACD3CF41AA3C4340090FD5A /* ExampleTextInputFormObject.m */,
				7ACD3CF61AA3C8A60090FD5A /* SpacerFormObject.h */,
				7ACD3CF71AA3C8A60090FD5A /* SpacerFormObject.m */,
			);
			path = DTFormMenuControllerExampleApp;
			sourceTree = "<group>";
		};
		7ACD3CCD1AA3C15F0090FD5A /* Supporting Files */ = {
			isa = PBXGroup;
			children = (
				7ACD3CCE1AA3C15F0090FD5A /* Info.plist */,
				7ACD3CCF1AA3C15F0090FD5A /* main.m */,
			);
			name = "Supporting Files";
			sourceTree = "<group>";
		};
		7ACD3CE61AA3C15F0090FD5A /* DTFormMenuControllerExampleAppTests */ = {
			isa = PBXGroup;
			children = (
				7ACD3CE91AA3C15F0090FD5A /* DTFormMenuControllerExampleAppTests.m */,
				7ACD3CE71AA3C15F0090FD5A /* Supporting Files */,
			);
			path = DTFormMenuControllerExampleAppTests;
			sourceTree = "<group>";
		};
		7ACD3CE71AA3C15F0090FD5A /* Supporting Files */ = {
			isa = PBXGroup;
			children = (
				7ACD3CE81AA3C15F0090FD5A /* Info.plist */,
			);
			name = "Supporting Files";
			sourceTree = "<group>";
		};
		B96DFCBBE587456B2E18DFAD /* Pods */ = {
			isa = PBXGroup;
			children = (
				EB371D531955343B4A833B5C /* Pods.debug.xcconfig */,
				1294F2BDE31BC7FCFFC880B6 /* Pods.release.xcconfig */,
			);
			name = Pods;
			sourceTree = "<group>";
		};
/* End PBXGroup section */

/* Begin PBXNativeTarget section */
		7ACD3CC91AA3C15F0090FD5A /* DTFormMenuControllerExampleApp */ = {
			isa = PBXNativeTarget;
			buildConfigurationList = 7ACD3CED1AA3C15F0090FD5A /* Build configuration list for PBXNativeTarget "DTFormMenuControllerExampleApp" */;
			buildPhases = (
				148F4D72A2BE39D8DECD7B87 /* Check Pods Manifest.lock */,
				7ACD3CC61AA3C15F0090FD5A /* Sources */,
				7ACD3CC71AA3C15F0090FD5A /* Frameworks */,
				7ACD3CC81AA3C15F0090FD5A /* Resources */,
				52ECA5E4E6D29708049F136C /* Copy Pods Resources */,
			);
			buildRules = (
			);
			dependencies = (
			);
			name = DTFormMenuControllerExampleApp;
			productName = DTFormMenuControllerExampleApp;
			productReference = 7ACD3CCA1AA3C15F0090FD5A /* DTFormMenuControllerExampleApp.app */;
			productType = "com.apple.product-type.application";
		};
		7ACD3CE21AA3C15F0090FD5A /* DTFormMenuControllerExampleAppTests */ = {
			isa = PBXNativeTarget;
			buildConfigurationList = 7ACD3CF01AA3C15F0090FD5A /* Build configuration list for PBXNativeTarget "DTFormMenuControllerExampleAppTests" */;
			buildPhases = (
				7ACD3CDF1AA3C15F0090FD5A /* Sources */,
				7ACD3CE01AA3C15F0090FD5A /* Frameworks */,
				7ACD3CE11AA3C15F0090FD5A /* Resources */,
			);
			buildRules = (
			);
			dependencies = (
				7ACD3CE51AA3C15F0090FD5A /* PBXTargetDependency */,
			);
			name = DTFormMenuControllerExampleAppTests;
			productName = DTFormMenuControllerExampleAppTests;
			productReference = 7ACD3CE31AA3C15F0090FD5A /* DTFormMenuControllerExampleAppTests.xctest */;
			productType = "com.apple.product-type.bundle.unit-test";
		};
/* End PBXNativeTarget section */

/* Begin PBXProject section */
		7ACD3CC21AA3C15F0090FD5A /* Project object */ = {
			isa = PBXProject;
			attributes = {
				LastUpgradeCheck = 0620;
				ORGANIZATIONNAME = DTHENG;
				TargetAttributes = {
					7ACD3CC91AA3C15F0090FD5A = {
						CreatedOnToolsVersion = 6.2;
					};
					7ACD3CE21AA3C15F0090FD5A = {
						CreatedOnToolsVersion = 6.2;
						TestTargetID = 7ACD3CC91AA3C15F0090FD5A;
					};
				};
			};
			buildConfigurationList = 7ACD3CC51AA3C15F0090FD5A /* Build configuration list for PBXProject "DTFormMenuControllerExampleApp" */;
			compatibilityVersion = "Xcode 3.2";
			developmentRegion = English;
			hasScannedForEncodings = 0;
			knownRegions = (
				en,
				Base,
			);
			mainGroup = 7ACD3CC11AA3C15F0090FD5A;
			productRefGroup = 7ACD3CCB1AA3C15F0090FD5A /* Products */;
			projectDirPath = "";
			projectRoot = "";
			targets = (
				7ACD3CC91AA3C15F0090FD5A /* DTFormMenuControllerExampleApp */,
				7ACD3CE21AA3C15F0090FD5A /* DTFormMenuControllerExampleAppTests */,
			);
		};
/* End PBXProject section */

/* Begin PBXResourcesBuildPhase section */
		7ACD3CC81AA3C15F0090FD5A /* Resources */ = {
			isa = PBXResourcesBuildPhase;
			buildActionMask = 2147483647;
			files = (
				7ACD3CD91AA3C15F0090FD5A /* Main.storyboard in Resources */,
				7ACD3CDE1AA3C15F0090FD5A /* LaunchScreen.xib in Resources */,
				7ACD3CDB1AA3C15F0090FD5A /* Images.xcassets in Resources */,
			);
			runOnlyForDeploymentPostprocessing = 0;
		};
		7ACD3CE11AA3C15F0090FD5A /* Resources */ = {
			isa = PBXResourcesBuildPhase;
			buildActionMask = 2147483647;
			files = (
			);
			runOnlyForDeploymentPostprocessing = 0;
		};
/* End PBXResourcesBuildPhase section */

/* Begin PBXShellScriptBuildPhase section */
		148F4D72A2BE39D8DECD7B87 /* Check Pods Manifest.lock */ = {
			isa = PBXShellScriptBuildPhase;
			buildActionMask = 2147483647;
			files = (
			);
			inputPaths = (
			);
			name = "Check Pods Manifest.lock";
			outputPaths = (
			);
			runOnlyForDeploymentPostprocessing = 0;
			shellPath = /bin/sh;
			shellScript = "diff \"${PODS_ROOT}/../Podfile.lock\" \"${PODS_ROOT}/Manifest.lock\" > /dev/null\nif [[ $? != 0 ]] ; then\n    cat << EOM\nerror: The sandbox is not in sync with the Podfile.lock. Run 'pod install' or update your CocoaPods installation.\nEOM\n    exit 1\nfi\n";
			showEnvVarsInLog = 0;
		};
		52ECA5E4E6D29708049F136C /* Copy Pods Resources */ = {
			isa = PBXShellScriptBuildPhase;
			buildActionMask = 2147483647;
			files = (
			);
			inputPaths = (
			);
			name = "Copy Pods Resources";
			outputPaths = (
			);
			runOnlyForDeploymentPostprocessing = 0;
			shellPath = /bin/sh;
			shellScript = "\"${SRCROOT}/Pods/Target Support Files/Pods/Pods-resources.sh\"\n";
			showEnvVarsInLog = 0;
		};
/* End PBXShellScriptBuildPhase section */

/* Begin PBXSourcesBuildPhase section */
		7ACD3CC61AA3C15F0090FD5A /* Sources */ = {
			isa = PBXSourcesBuildPhase;
			buildActionMask = 2147483647;
			files = (
				7ACD3CD61AA3C15F0090FD5A /* ViewController.m in Sources */,
				7ACD3CD31AA3C15F0090FD5A /* AppDelegate.m in Sources */,
				7ACD3CD01AA3C15F0090FD5A /* main.m in Sources */,
				7ACD3CF81AA3C8A60090FD5A /* SpacerFormObject.m in Sources */,
				7ACD3CF51AA3C4340090FD5A /* ExampleTextInputFormObject.m in Sources */,
			);
			runOnlyForDeploymentPostprocessing = 0;
		};
		7ACD3CDF1AA3C15F0090FD5A /* Sources */ = {
			isa = PBXSourcesBuildPhase;
			buildActionMask = 2147483647;
			files = (
				7ACD3CEA1AA3C15F0090FD5A /* DTFormMenuControllerExampleAppTests.m in Sources */,
			);
			runOnlyForDeploymentPostprocessing = 0;
		};
/* End PBXSourcesBuildPhase section */

/* Begin PBXTargetDependency section */
		7ACD3CE51AA3C15F0090FD5A /* PBXTargetDependency */ = {
			isa = PBXTargetDependency;
			target = 7ACD3CC91AA3C15F0090FD5A /* DTFormMenuControllerExampleApp */;
			targetProxy = 7ACD3CE41AA3C15F0090FD5A /* PBXContainerItemProxy */;
		};
/* End PBXTargetDependency section */

/* Begin PBXVariantGroup section */
		7ACD3CD71AA3C15F0090FD5A /* Main.storyboard */ = {
			isa = PBXVariantGroup;
			children = (
				7ACD3CD81AA3C15F0090FD5A /* Base */,
			);
			name = Main.storyboard;
			sourceTree = "<group>";
		};
		7ACD3CDC1AA3C15F0090FD5A /* LaunchScreen.xib */ = {
			isa = PBXVariantGroup;
			children = (
				7ACD3CDD1AA3C15F0090FD5A /* Base */,
			);
			name = LaunchScreen.xib;
			sourceTree = "<group>";
		};
/* End PBXVariantGroup section */

/* Begin XCBuildConfiguration section */
		7ACD3CEB1AA3C15F0090FD5A /* Debug */ = {
			isa = XCBuildConfiguration;
			buildSettings = {
				ALWAYS_SEARCH_USER_PATHS = NO;
				CLANG_CXX_LANGUAGE_STANDARD = "gnu++0x";
				CLANG_CXX_LIBRARY = "libc++";
				CLANG_ENABLE_MODULES = YES;
				CLANG_ENABLE_OBJC_ARC = YES;
				CLANG_WARN_BOOL_CONVERSION = YES;
				CLANG_WARN_CONSTANT_CONVERSION = YES;
				CLANG_WARN_DIRECT_OBJC_ISA_USAGE = YES_ERROR;
				CLANG_WARN_EMPTY_BODY = YES;
				CLANG_WARN_ENUM_CONVERSION = YES;
				CLANG_WARN_INT_CONVERSION = YES;
				CLANG_WARN_OBJC_ROOT_CLASS = YES_ERROR;
				CLANG_WARN_UNREACHABLE_CODE = YES;
				CLANG_WARN__DUPLICATE_METHOD_MATCH = YES;
				"CODE_SIGN_IDENTITY[sdk=iphoneos*]" = "iPhone Developer";
				COPY_PHASE_STRIP = NO;
				ENABLE_STRICT_OBJC_MSGSEND = YES;
				GCC_C_LANGUAGE_STANDARD = gnu99;
				GCC_DYNAMIC_NO_PIC = NO;
				GCC_OPTIMIZATION_LEVEL = 0;
				GCC_PREPROCESSOR_DEFINITIONS = (
					"DEBUG=1",
					"$(inherited)",
				);
				GCC_SYMBOLS_PRIVATE_EXTERN = NO;
				GCC_WARN_64_TO_32_BIT_CONVERSION = YES;
				GCC_WARN_ABOUT_RETURN_TYPE = YES_ERROR;
				GCC_WARN_UNDECLARED_SELECTOR = YES;
				GCC_WARN_UNINITIALIZED_AUTOS = YES_AGGRESSIVE;
				GCC_WARN_UNUSED_FUNCTION = YES;
				GCC_WARN_UNUSED_VARIABLE = YES;
				IPHONEOS_DEPLOYMENT_TARGET = 8.2;
				MTL_ENABLE_DEBUG_INFO = YES;
				ONLY_ACTIVE_ARCH = YES;
				SDKROOT = iphoneos;
				TARGETED_DEVICE_FAMILY = 2;
			};
			name = Debug;
		};
		7ACD3CEC1AA3C15F0090FD5A /* Release */ = {
			isa = XCBuildConfiguration;
			buildSettings = {
				ALWAYS_SEARCH_USER_PATHS = NO;
				CLANG_CXX_LANGUAGE_STANDARD = "gnu++0x";
				CLANG_CXX_LIBRARY = "libc++";
				CLANG_ENABLE_MODULES = YES;
				CLANG_ENABLE_OBJC_ARC = YES;
				CLANG_WARN_BOOL_CONVERSION = YES;
				CLANG_WARN_CONSTANT_CONVERSION = YES;
				CLANG_WARN_DIRECT_OBJC_ISA_USAGE = YES_ERROR;
				CLANG_WARN_EMPTY_BODY = YES;
				CLANG_WARN_ENUM_CONVERSION = YES;
				CLANG_WARN_INT_CONVERSION = YES;
				CLANG_WARN_OBJC_ROOT_CLASS = YES_ERROR;
				CLANG_WARN_UNREACHABLE_CODE = YES;
				CLANG_WARN__DUPLICATE_METHOD_MATCH = YES;
				"CODE_SIGN_IDENTITY[sdk=iphoneos*]" = "iPhone Developer";
				COPY_PHASE_STRIP = NO;
				ENABLE_NS_ASSERTIONS = NO;
				ENABLE_STRICT_OBJC_MSGSEND = YES;
				GCC_C_LANGUAGE_STANDARD = gnu99;
				GCC_WARN_64_TO_32_BIT_CONVERSION = YES;
				GCC_WARN_ABOUT_RETURN_TYPE = YES_ERROR;
				GCC_WARN_UNDECLARED_SELECTOR = YES;
				GCC_WARN_UNINITIALIZED_AUTOS = YES_AGGRESSIVE;
				GCC_WARN_UNUSED_FUNCTION = YES;
				GCC_WARN_UNUSED_VARIABLE = YES;
				IPHONEOS_DEPLOYMENT_TARGET = 8.2;
				MTL_ENABLE_DEBUG_INFO = NO;
				SDKROOT = iphoneos;
				TARGETED_DEVICE_FAMILY = 2;
				VALIDATE_PRODUCT = YES;
			};
			name = Release;
		};
		7ACD3CEE1AA3C15F0090FD5A /* Debug */ = {
			isa = XCBuildConfiguration;
			baseConfigurationReference = EB371D531955343B4A833B5C /* Pods.debug.xcconfig */;
			buildSettings = {
				ASSETCATALOG_COMPILER_APPICON_NAME = AppIcon;
				INFOPLIST_FILE = DTFormMenuControllerExampleApp/Info.plist;
				IPHONEOS_DEPLOYMENT_TARGET = 8.0;
				LD_RUNPATH_SEARCH_PATHS = "$(inherited) @executable_path/Frameworks";
				PRODUCT_NAME = "$(TARGET_NAME)";
				TARGETED_DEVICE_FAMILY = "1,2";
			};
			name = Debug;
		};
		7ACD3CEF1AA3C15F0090FD5A /* Release */ = {
			isa = XCBuildConfiguration;
			baseConfigurationReference = 1294F2BDE31BC7FCFFC880B6 /* Pods.release.xcconfig */;
			buildSettings = {
				ASSETCATALOG_COMPILER_APPICON_NAME = AppIcon;
				INFOPLIST_FILE = DTFormMenuControllerExampleApp/Info.plist;
				IPHONEOS_DEPLOYMENT_TARGET = 8.0;
				LD_RUNPATH_SEARCH_PATHS = "$(inherited) @executable_path/Frameworks";
				PRODUCT_NAME = "$(TARGET_NAME)";
				TARGETED_DEVICE_FAMILY = "1,2";
			};
			name = Release;
		};
		7ACD3CF11AA3C15F0090FD5A /* Debug */ = {
			isa = XCBuildConfiguration;
			buildSettings = {
				BUNDLE_LOADER = "$(TEST_HOST)";
				FRAMEWORK_SEARCH_PATHS = (
					"$(SDKROOT)/Developer/Library/Frameworks",
					"$(inherited)",
				);
				GCC_PREPROCESSOR_DEFINITIONS = (
					"DEBUG=1",
					"$(inherited)",
				);
				INFOPLIST_FILE = DTFormMenuControllerExampleAppTests/Info.plist;
				LD_RUNPATH_SEARCH_PATHS = "$(inherited) @executable_path/Frameworks @loader_path/Frameworks";
				PRODUCT_NAME = "$(TARGET_NAME)";
				TEST_HOST = "$(BUILT_PRODUCTS_DIR)/DTFormMenuControllerExampleApp.app/DTFormMenuControllerExampleApp";
			};
			name = Debug;
		};
		7ACD3CF21AA3C15F0090FD5A /* Release */ = {
			isa = XCBuildConfiguration;
			buildSettings = {
				BUNDLE_LOADER = "$(TEST_HOST)";
				FRAMEWORK_SEARCH_PATHS = (
					"$(SDKROOT)/Developer/Library/Frameworks",
					"$(inherited)",
				);
				INFOPLIST_FILE = DTFormMenuControllerExampleAppTests/Info.plist;
				LD_RUNPATH_SEARCH_PATHS = "$(inherited) @executable_path/Frameworks @loader_path/Frameworks";
				PRODUCT_NAME = "$(TARGET_NAME)";
				TEST_HOST = "$(BUILT_PRODUCTS_DIR)/DTFormMenuControllerExampleApp.app/DTFormMenuControllerExampleApp";
			};
			name = Release;
		};
/* End XCBuildConfiguration section */

/* Begin XCConfigurationList section */
		7ACD3CC51AA3C15F0090FD5A /* Build configuration list for PBXProject "DTFormMenuControllerExampleApp" */ = {
			isa = XCConfigurationList;
			buildConfigurations = (
				7ACD3CEB1AA3C15F0090FD5A /* Debug */,
				7ACD3CEC1AA3C15F0090FD5A /* Release */,
			);
			defaultConfigurationIsVisible = 0;
			defaultConfigurationName = Release;
		};
		7ACD3CED1AA3C15F0090FD5A /* Build configuration list for PBXNativeTarget "DTFormMenuControllerExampleApp" */ = {
			isa = XCConfigurationList;
			buildConfigurations = (
				7ACD3CEE1AA3C15F0090FD5A /* Debug */,
				7ACD3CEF1AA3C15F0090FD5A /* Release */,
			);
			defaultConfigurationIsVisible = 0;
			defaultConfigurationName = Release;
		};
		7ACD3CF01AA3C15F0090FD5A /* Build configuration list for PBXNativeTarget "DTFormMenuControllerExampleAppTests" */ = {
			isa = XCConfigurationList;
			buildConfigurations = (
				7ACD3CF11AA3C15F0090FD5A /* Debug */,
				7ACD3CF21AA3C15F0090FD5A /* Release */,
			);
			defaultConfigurationIsVisible = 0;
			defaultConfigurationName = Release;
		};
/* End XCConfigurationList section */
	};
	rootObject = 7ACD3CC21AA3C15F0090FD5A /* Project object */;
}
